{
  "version": 4,
  "terraform_version": "1.10.5",
  "serial": 2,
  "lineage": "9fc60e05-0034-97a3-2163-d2fa0783dca6",
  "outputs": {},
  "resources": [
    {
      "mode": "managed",
      "type": "minikube_cluster",
      "name": "client_name",
      "provider": "provider[\"registry.terraform.io/scott-the-programmer/minikube\"]",
      "instances": []
    },
    {
      "mode": "managed",
      "type": "tls_private_key",
      "name": "example",
      "provider": "provider[\"registry.terraform.io/hashicorp/tls\"]",
      "instances": [
        {
          "schema_version": 0,
          "attributes": {
            "algorithm": "ECDSA",
            "ecdsa_curve": "P224",
            "id": "8b42e9afc1f2f57344a4cb2def1025d51f87424c",
            "private_key_pem": "-----BEGIN EC PRIVATE KEY-----\nMGgCAQEEHP2rQFoDDE6JhY91QSYUPdMcQ23XF9umcx3p6PugBwYFK4EEACGhPAM6\nAARZJ/joi3r5xY/AkXz0KFJvv/aWgWrpXc59J5huw1ahYpb9ba/w4O84THv/cieE\n7n0xnO1wBVMAvw==\n-----END EC PRIVATE KEY-----\n",
            "public_key_fingerprint_md5": "",
            "public_key_openssh": "",
            "public_key_pem": "-----BEGIN PUBLIC KEY-----\nME4wEAYHKoZIzj0CAQYFK4EEACEDOgAEWSf46It6+cWPwJF89ChSb7/2loFq6V3O\nfSeYbsNWoWKW/W2v8ODvOEx7/3InhO59MZztcAVTAL8=\n-----END PUBLIC KEY-----\n",
            "rsa_bits": 2048
          },
          "sensitive_attributes": [
            [
              {
                "type": "get_attr",
                "value": "private_key_pem"
              }
            ]
          ],
          "private": "bnVsbA=="
        }
      ]
    },
    {
      "mode": "managed",
      "type": "tls_self_signed_cert",
      "name": "example",
      "provider": "provider[\"registry.terraform.io/hashicorp/tls\"]",
      "instances": [
        {
          "schema_version": 0,
          "attributes": {
            "allowed_uses": [
              "key_encipherment",
              "digital_signature",
              "server_auth"
            ],
            "cert_pem": "-----BEGIN CERTIFICATE-----\nMIIBqzCCAVqgAwIBAgIRAKyq3SZNN9rhD3VNgDWV3h4wCgYIKoZIzj0EAwIwNzEa\nMBgGA1UEChMRWW91ciBPcmdhbml6YXRpb24xGTAXBgNVBAMTEG9kb28uZXhhbXBs\nZS5jb20wHhcNMjUwMTI5MjA1NTEzWhcNMjYwMTI5MjA1NTEzWjA3MRowGAYDVQQK\nExFZb3VyIE9yZ2FuaXphdGlvbjEZMBcGA1UEAxMQb2Rvby5leGFtcGxlLmNvbTBO\nMBAGByqGSM49AgEGBSuBBAAhAzoABFkn+OiLevnFj8CRfPQoUm+/9paBauldzn0n\nmG7DVqFilv1tr/Dg7zhMe/9yJ4TufTGc7XAFUwC/o1IwUDAOBgNVHQ8BAf8EBAMC\nBaAwEwYDVR0lBAwwCgYIKwYBBQUHAwEwDAYDVR0TAQH/BAIwADAbBgNVHREEFDAS\nghBvZG9vLmV4YW1wbGUuY29tMAoGCCqGSM49BAMCAz8AMDwCHF4kFgd0LaQTM8MC\nkAJRpW8/wFBS08h8bXtqnGMCHGoX6pedbNTQuhthU4Y1Ft14P4D2O1ucWFHMI78=\n-----END CERTIFICATE-----\n",
            "dns_names": [
              "odoo.example.com"
            ],
            "early_renewal_hours": 720,
            "id": "229514391188046903701360458401007918622",
            "ip_addresses": null,
            "is_ca_certificate": null,
            "key_algorithm": "ECDSA",
            "private_key_pem": "5751463b541f2304a4aee66136fb2c2f24784666",
            "ready_for_renewal": false,
            "set_subject_key_id": null,
            "subject": [
              {
                "common_name": "odoo.example.com",
                "country": "",
                "locality": "",
                "organization": "Your Organization",
                "organizational_unit": "",
                "postal_code": "",
                "province": "",
                "serial_number": "",
                "street_address": null
              }
            ],
            "uris": null,
            "validity_end_time": "2026-01-29T20:55:13.779519962Z",
            "validity_period_hours": 8760,
            "validity_start_time": "2025-01-29T20:55:13.779519962Z"
          },
          "sensitive_attributes": [
            [
              {
                "type": "get_attr",
                "value": "private_key_pem"
              }
            ]
          ],
          "private": "bnVsbA==",
          "dependencies": [
            "tls_private_key.example"
          ]
        }
      ]
    }
  ],
  "check_results": null
}
