{
  "version": 4,
  "terraform_version": "1.10.5",
  "serial": 19,
  "lineage": "2d054f41-e8a6-877b-d1d4-f647db2cf25a",
  "outputs": {},
  "resources": [
    {
      "mode": "managed",
      "type": "kubernetes_deployment",
      "name": "app",
      "provider": "provider[\"registry.terraform.io/hashicorp/kubernetes\"]",
      "instances": [
        {
          "index_key": "dev",
          "schema_version": 1,
          "attributes": {
            "id": "dev/app-dev",
            "metadata": [
              {
                "annotations": {},
                "generate_name": "",
                "generation": 1,
                "labels": {
                  "app": "app-dev"
                },
                "name": "app-dev",
                "namespace": "dev",
                "resource_version": "481",
                "uid": "e8a5788e-8b77-439d-9548-70913726b9cd"
              }
            ],
            "spec": [
              {
                "min_ready_seconds": 0,
                "paused": false,
                "progress_deadline_seconds": 600,
                "replicas": "1",
                "revision_history_limit": 10,
                "selector": [
                  {
                    "match_expressions": [],
                    "match_labels": {
                      "app": "app-dev"
                    }
                  }
                ],
                "strategy": [
                  {
                    "rolling_update": [
                      {
                        "max_surge": "25%",
                        "max_unavailable": "25%"
                      }
                    ],
                    "type": "RollingUpdate"
                  }
                ],
                "template": [
                  {
                    "metadata": [
                      {
                        "annotations": {},
                        "generate_name": "",
                        "generation": 0,
                        "labels": {
                          "app": "app-dev"
                        },
                        "name": "",
                        "namespace": "",
                        "resource_version": "",
                        "uid": ""
                      }
                    ],
                    "spec": [
                      {
                        "active_deadline_seconds": 0,
                        "affinity": [],
                        "automount_service_account_token": true,
                        "container": [
                          {
                            "args": [],
                            "command": [],
                            "env": [],
                            "env_from": [],
                            "image": "nginx:alpine",
                            "image_pull_policy": "IfNotPresent",
                            "lifecycle": [],
                            "liveness_probe": [],
                            "name": "app",
                            "port": [
                              {
                                "container_port": 80,
                                "host_ip": "",
                                "host_port": 0,
                                "name": "",
                                "protocol": "TCP"
                              }
                            ],
                            "readiness_probe": [],
                            "resources": [
                              {
                                "limits": {},
                                "requests": {}
                              }
                            ],
                            "security_context": [],
                            "startup_probe": [],
                            "stdin": false,
                            "stdin_once": false,
                            "termination_message_path": "/dev/termination-log",
                            "termination_message_policy": "File",
                            "tty": false,
                            "volume_device": [],
                            "volume_mount": [],
                            "working_dir": ""
                          }
                        ],
                        "dns_config": [],
                        "dns_policy": "ClusterFirst",
                        "enable_service_links": true,
                        "host_aliases": [],
                        "host_ipc": false,
                        "host_network": false,
                        "host_pid": false,
                        "hostname": "",
                        "image_pull_secrets": [],
                        "init_container": [],
                        "node_name": "",
                        "node_selector": {},
                        "os": [],
                        "priority_class_name": "",
                        "readiness_gate": [],
                        "restart_policy": "Always",
                        "runtime_class_name": "",
                        "scheduler_name": "default-scheduler",
                        "security_context": [],
                        "service_account_name": "",
                        "share_process_namespace": false,
                        "subdomain": "",
                        "termination_grace_period_seconds": 30,
                        "toleration": [],
                        "topology_spread_constraint": [],
                        "volume": []
                      }
                    ]
                  }
                ]
              }
            ],
            "timeouts": null,
            "wait_for_rollout": true
          },
          "sensitive_attributes": [],
          "private": "eyJlMmJmYjczMC1lY2FhLTExZTYtOGY4OC0zNDM2M2JjN2M0YzAiOnsiY3JlYXRlIjo2MDAwMDAwMDAwMDAsImRlbGV0ZSI6NjAwMDAwMDAwMDAwLCJ1cGRhdGUiOjYwMDAwMDAwMDAwMH0sInNjaGVtYV92ZXJzaW9uIjoiMSJ9",
          "dependencies": [
            "minikube_cluster.cluster"
          ]
        },
        {
          "index_key": "prod",
          "schema_version": 1,
          "attributes": {
            "id": "prod/app-prod",
            "metadata": [
              {
                "annotations": {},
                "generate_name": "",
                "generation": 1,
                "labels": {
                  "app": "app-prod"
                },
                "name": "app-prod",
                "namespace": "prod",
                "resource_version": "506",
                "uid": "e91602e0-c361-4982-bc1f-5c765f41a007"
              }
            ],
            "spec": [
              {
                "min_ready_seconds": 0,
                "paused": false,
                "progress_deadline_seconds": 600,
                "replicas": "3",
                "revision_history_limit": 10,
                "selector": [
                  {
                    "match_expressions": [],
                    "match_labels": {
                      "app": "app-prod"
                    }
                  }
                ],
                "strategy": [
                  {
                    "rolling_update": [
                      {
                        "max_surge": "25%",
                        "max_unavailable": "25%"
                      }
                    ],
                    "type": "RollingUpdate"
                  }
                ],
                "template": [
                  {
                    "metadata": [
                      {
                        "annotations": {},
                        "generate_name": "",
                        "generation": 0,
                        "labels": {
                          "app": "app-prod"
                        },
                        "name": "",
                        "namespace": "",
                        "resource_version": "",
                        "uid": ""
                      }
                    ],
                    "spec": [
                      {
                        "active_deadline_seconds": 0,
                        "affinity": [],
                        "automount_service_account_token": true,
                        "container": [
                          {
                            "args": [],
                            "command": [],
                            "env": [],
                            "env_from": [],
                            "image": "nginx:alpine",
                            "image_pull_policy": "IfNotPresent",
                            "lifecycle": [],
                            "liveness_probe": [],
                            "name": "app",
                            "port": [
                              {
                                "container_port": 80,
                                "host_ip": "",
                                "host_port": 0,
                                "name": "",
                                "protocol": "TCP"
                              }
                            ],
                            "readiness_probe": [],
                            "resources": [
                              {
                                "limits": {},
                                "requests": {}
                              }
                            ],
                            "security_context": [],
                            "startup_probe": [],
                            "stdin": false,
                            "stdin_once": false,
                            "termination_message_path": "/dev/termination-log",
                            "termination_message_policy": "File",
                            "tty": false,
                            "volume_device": [],
                            "volume_mount": [],
                            "working_dir": ""
                          }
                        ],
                        "dns_config": [],
                        "dns_policy": "ClusterFirst",
                        "enable_service_links": true,
                        "host_aliases": [],
                        "host_ipc": false,
                        "host_network": false,
                        "host_pid": false,
                        "hostname": "",
                        "image_pull_secrets": [],
                        "init_container": [],
                        "node_name": "",
                        "node_selector": {},
                        "os": [],
                        "priority_class_name": "",
                        "readiness_gate": [],
                        "restart_policy": "Always",
                        "runtime_class_name": "",
                        "scheduler_name": "default-scheduler",
                        "security_context": [],
                        "service_account_name": "",
                        "share_process_namespace": false,
                        "subdomain": "",
                        "termination_grace_period_seconds": 30,
                        "toleration": [],
                        "topology_spread_constraint": [],
                        "volume": []
                      }
                    ]
                  }
                ]
              }
            ],
            "timeouts": null,
            "wait_for_rollout": true
          },
          "sensitive_attributes": [],
          "private": "eyJlMmJmYjczMC1lY2FhLTExZTYtOGY4OC0zNDM2M2JjN2M0YzAiOnsiY3JlYXRlIjo2MDAwMDAwMDAwMDAsImRlbGV0ZSI6NjAwMDAwMDAwMDAwLCJ1cGRhdGUiOjYwMDAwMDAwMDAwMH0sInNjaGVtYV92ZXJzaW9uIjoiMSJ9",
          "dependencies": [
            "minikube_cluster.cluster"
          ]
        },
        {
          "index_key": "qa",
          "schema_version": 1,
          "attributes": {
            "id": "qa/app-qa",
            "metadata": [
              {
                "annotations": {},
                "generate_name": "",
                "generation": 1,
                "labels": {
                  "app": "app-qa"
                },
                "name": "app-qa",
                "namespace": "qa",
                "resource_version": "512",
                "uid": "7c84e344-7aa6-48e1-9f80-54be44b92c1f"
              }
            ],
            "spec": [
              {
                "min_ready_seconds": 0,
                "paused": false,
                "progress_deadline_seconds": 600,
                "replicas": "2",
                "revision_history_limit": 10,
                "selector": [
                  {
                    "match_expressions": [],
                    "match_labels": {
                      "app": "app-qa"
                    }
                  }
                ],
                "strategy": [
                  {
                    "rolling_update": [
                      {
                        "max_surge": "25%",
                        "max_unavailable": "25%"
                      }
                    ],
                    "type": "RollingUpdate"
                  }
                ],
                "template": [
                  {
                    "metadata": [
                      {
                        "annotations": {},
                        "generate_name": "",
                        "generation": 0,
                        "labels": {
                          "app": "app-qa"
                        },
                        "name": "",
                        "namespace": "",
                        "resource_version": "",
                        "uid": ""
                      }
                    ],
                    "spec": [
                      {
                        "active_deadline_seconds": 0,
                        "affinity": [],
                        "automount_service_account_token": true,
                        "container": [
                          {
                            "args": [],
                            "command": [],
                            "env": [],
                            "env_from": [],
                            "image": "nginx:alpine",
                            "image_pull_policy": "IfNotPresent",
                            "lifecycle": [],
                            "liveness_probe": [],
                            "name": "app",
                            "port": [
                              {
                                "container_port": 80,
                                "host_ip": "",
                                "host_port": 0,
                                "name": "",
                                "protocol": "TCP"
                              }
                            ],
                            "readiness_probe": [],
                            "resources": [
                              {
                                "limits": {},
                                "requests": {}
                              }
                            ],
                            "security_context": [],
                            "startup_probe": [],
                            "stdin": false,
                            "stdin_once": false,
                            "termination_message_path": "/dev/termination-log",
                            "termination_message_policy": "File",
                            "tty": false,
                            "volume_device": [],
                            "volume_mount": [],
                            "working_dir": ""
                          }
                        ],
                        "dns_config": [],
                        "dns_policy": "ClusterFirst",
                        "enable_service_links": true,
                        "host_aliases": [],
                        "host_ipc": false,
                        "host_network": false,
                        "host_pid": false,
                        "hostname": "",
                        "image_pull_secrets": [],
                        "init_container": [],
                        "node_name": "",
                        "node_selector": {},
                        "os": [],
                        "priority_class_name": "",
                        "readiness_gate": [],
                        "restart_policy": "Always",
                        "runtime_class_name": "",
                        "scheduler_name": "default-scheduler",
                        "security_context": [],
                        "service_account_name": "",
                        "share_process_namespace": false,
                        "subdomain": "",
                        "termination_grace_period_seconds": 30,
                        "toleration": [],
                        "topology_spread_constraint": [],
                        "volume": []
                      }
                    ]
                  }
                ]
              }
            ],
            "timeouts": null,
            "wait_for_rollout": true
          },
          "sensitive_attributes": [],
          "private": "eyJlMmJmYjczMC1lY2FhLTExZTYtOGY4OC0zNDM2M2JjN2M0YzAiOnsiY3JlYXRlIjo2MDAwMDAwMDAwMDAsImRlbGV0ZSI6NjAwMDAwMDAwMDAwLCJ1cGRhdGUiOjYwMDAwMDAwMDAwMH0sInNjaGVtYV92ZXJzaW9uIjoiMSJ9",
          "dependencies": [
            "minikube_cluster.cluster"
          ]
        }
      ]
    },
    {
      "mode": "managed",
      "type": "kubernetes_deployment",
      "name": "odoo",
      "provider": "provider[\"registry.terraform.io/hashicorp/kubernetes\"]",
      "instances": [
        {
          "schema_version": 1,
          "attributes": {
            "id": "prod/odoo",
            "metadata": [
              {
                "annotations": {},
                "generate_name": "",
                "generation": 1,
                "labels": {
                  "app": "odoo"
                },
                "name": "odoo",
                "namespace": "prod",
                "resource_version": "1254",
                "uid": "4d4ca144-52ac-4f4b-8794-258b3a840d53"
              }
            ],
            "spec": [
              {
                "min_ready_seconds": 0,
                "paused": false,
                "progress_deadline_seconds": 600,
                "replicas": "1",
                "revision_history_limit": 10,
                "selector": [
                  {
                    "match_expressions": [],
                    "match_labels": {
                      "app": "odoo"
                    }
                  }
                ],
                "strategy": [
                  {
                    "rolling_update": [
                      {
                        "max_surge": "25%",
                        "max_unavailable": "25%"
                      }
                    ],
                    "type": "RollingUpdate"
                  }
                ],
                "template": [
                  {
                    "metadata": [
                      {
                        "annotations": {},
                        "generate_name": "",
                        "generation": 0,
                        "labels": {
                          "app": "odoo"
                        },
                        "name": "",
                        "namespace": "",
                        "resource_version": "",
                        "uid": ""
                      }
                    ],
                    "spec": [
                      {
                        "active_deadline_seconds": 0,
                        "affinity": [],
                        "automount_service_account_token": true,
                        "container": [
                          {
                            "args": [],
                            "command": [],
                            "env": [],
                            "env_from": [],
                            "image": "odoo:latest",
                            "image_pull_policy": "Always",
                            "lifecycle": [],
                            "liveness_probe": [],
                            "name": "odoo",
                            "port": [
                              {
                                "container_port": 8069,
                                "host_ip": "",
                                "host_port": 0,
                                "name": "",
                                "protocol": "TCP"
                              }
                            ],
                            "readiness_probe": [],
                            "resources": [
                              {
                                "limits": {},
                                "requests": {}
                              }
                            ],
                            "security_context": [],
                            "startup_probe": [],
                            "stdin": false,
                            "stdin_once": false,
                            "termination_message_path": "/dev/termination-log",
                            "termination_message_policy": "File",
                            "tty": false,
                            "volume_device": [],
                            "volume_mount": [],
                            "working_dir": ""
                          }
                        ],
                        "dns_config": [],
                        "dns_policy": "ClusterFirst",
                        "enable_service_links": true,
                        "host_aliases": [],
                        "host_ipc": false,
                        "host_network": false,
                        "host_pid": false,
                        "hostname": "",
                        "image_pull_secrets": [],
                        "init_container": [],
                        "node_name": "",
                        "node_selector": {},
                        "os": [],
                        "priority_class_name": "",
                        "readiness_gate": [],
                        "restart_policy": "Always",
                        "runtime_class_name": "",
                        "scheduler_name": "default-scheduler",
                        "security_context": [],
                        "service_account_name": "",
                        "share_process_namespace": false,
                        "subdomain": "",
                        "termination_grace_period_seconds": 30,
                        "toleration": [],
                        "topology_spread_constraint": [],
                        "volume": []
                      }
                    ]
                  }
                ]
              }
            ],
            "timeouts": null,
            "wait_for_rollout": true
          },
          "sensitive_attributes": [],
          "private": "eyJlMmJmYjczMC1lY2FhLTExZTYtOGY4OC0zNDM2M2JjN2M0YzAiOnsiY3JlYXRlIjo2MDAwMDAwMDAwMDAsImRlbGV0ZSI6NjAwMDAwMDAwMDAwLCJ1cGRhdGUiOjYwMDAwMDAwMDAwMH0sInNjaGVtYV92ZXJzaW9uIjoiMSJ9",
          "dependencies": [
            "minikube_cluster.cluster"
          ]
        }
      ]
    },
    {
      "mode": "managed",
      "type": "kubernetes_ingress_v1",
      "name": "odoo",
      "provider": "provider[\"registry.terraform.io/hashicorp/kubernetes\"]",
      "instances": [
        {
          "schema_version": 0,
          "attributes": {
            "id": "prod/odoo-ingress",
            "metadata": [
              {
                "annotations": {
                  "nginx.ingress.kubernetes.io/rewrite-target": "/"
                },
                "generate_name": "",
                "generation": 1,
                "labels": null,
                "name": "odoo-ingress",
                "namespace": "prod",
                "resource_version": "1272",
                "uid": "c805d00f-0c02-4f9e-9b37-c4cb10aebcee"
              }
            ],
            "spec": [
              {
                "default_backend": [],
                "ingress_class_name": "",
                "rule": [
                  {
                    "host": "odoo.example.com",
                    "http": [
                      {
                        "path": [
                          {
                            "backend": [
                              {
                                "resource": [],
                                "service": [
                                  {
                                    "name": "odoo",
                                    "port": [
                                      {
                                        "name": "",
                                        "number": 80
                                      }
                                    ]
                                  }
                                ]
                              }
                            ],
                            "path": "/",
                            "path_type": "Prefix"
                          }
                        ]
                      }
                    ]
                  }
                ],
                "tls": [
                  {
                    "hosts": [
                      "odoo.example.com"
                    ],
                    "secret_name": "odoo-tls"
                  }
                ]
              }
            ],
            "status": [
              {
                "load_balancer": [
                  {
                    "ingress": []
                  }
                ]
              }
            ],
            "timeouts": null,
            "wait_for_load_balancer": null
          },
          "sensitive_attributes": [],
          "private": "eyJlMmJmYjczMC1lY2FhLTExZTYtOGY4OC0zNDM2M2JjN2M0YzAiOnsiY3JlYXRlIjoxMjAwMDAwMDAwMDAwLCJkZWxldGUiOjEyMDAwMDAwMDAwMDB9fQ==",
          "dependencies": [
            "minikube_cluster.cluster"
          ]
        }
      ]
    },
    {
      "mode": "managed",
      "type": "kubernetes_namespace",
      "name": "environment",
      "provider": "provider[\"registry.terraform.io/hashicorp/kubernetes\"]",
      "instances": [
        {
          "index_key": "dev",
          "schema_version": 0,
          "attributes": {
            "id": "dev",
            "metadata": [
              {
                "annotations": {},
                "generate_name": "",
                "generation": 0,
                "labels": {},
                "name": "dev",
                "resource_version": "274",
                "uid": "ff651cf2-edac-4753-b1bf-1744be01a59c"
              }
            ],
            "timeouts": null,
            "wait_for_default_service_account": false
          },
          "sensitive_attributes": [],
          "private": "eyJlMmJmYjczMC1lY2FhLTExZTYtOGY4OC0zNDM2M2JjN2M0YzAiOnsiZGVsZXRlIjozMDAwMDAwMDAwMDB9fQ==",
          "dependencies": [
            "minikube_cluster.cluster"
          ]
        },
        {
          "index_key": "prod",
          "schema_version": 0,
          "attributes": {
            "id": "prod",
            "metadata": [
              {
                "annotations": {},
                "generate_name": "",
                "generation": 0,
                "labels": {},
                "name": "prod",
                "resource_version": "276",
                "uid": "dbf88235-0486-49b4-9afe-4cd636449deb"
              }
            ],
            "timeouts": null,
            "wait_for_default_service_account": false
          },
          "sensitive_attributes": [],
          "private": "eyJlMmJmYjczMC1lY2FhLTExZTYtOGY4OC0zNDM2M2JjN2M0YzAiOnsiZGVsZXRlIjozMDAwMDAwMDAwMDB9fQ==",
          "dependencies": [
            "minikube_cluster.cluster"
          ]
        },
        {
          "index_key": "qa",
          "schema_version": 0,
          "attributes": {
            "id": "qa",
            "metadata": [
              {
                "annotations": {},
                "generate_name": "",
                "generation": 0,
                "labels": {},
                "name": "qa",
                "resource_version": "275",
                "uid": "a44f75cd-1a71-4ceb-997a-d3f14efe42b7"
              }
            ],
            "timeouts": null,
            "wait_for_default_service_account": false
          },
          "sensitive_attributes": [],
          "private": "eyJlMmJmYjczMC1lY2FhLTExZTYtOGY4OC0zNDM2M2JjN2M0YzAiOnsiZGVsZXRlIjozMDAwMDAwMDAwMDB9fQ==",
          "dependencies": [
            "minikube_cluster.cluster"
          ]
        }
      ]
    },
    {
      "mode": "managed",
      "type": "kubernetes_secret",
      "name": "odoo_tls",
      "provider": "provider[\"registry.terraform.io/hashicorp/kubernetes\"]",
      "instances": [
        {
          "schema_version": 0,
          "attributes": {
            "binary_data": null,
            "data": {
              "tls.crt": "-----BEGIN CERTIFICATE-----\nMIIBqjCCAVmgAwIBAgIQIDDhMD4VZcoge4Xo9loYNDAKBggqhkjOPQQDAjA3MRow\nGAYDVQQKExFZb3VyIE9yZ2FuaXphdGlvbjEZMBcGA1UEAxMQb2Rvby5leGFtcGxl\nLmNvbTAeFw0yNTAxMjMxNTI2NDVaFw0yNjAxMjMxNTI2NDVaMDcxGjAYBgNVBAoT\nEVlvdXIgT3JnYW5pemF0aW9uMRkwFwYDVQQDExBvZG9vLmV4YW1wbGUuY29tME4w\nEAYHKoZIzj0CAQYFK4EEACEDOgAEVVtKZIWANft/yqGX8BgeKZewp1nuw0VQVrms\nSuuiFFsGUN5PEvUou3oElFtHtGfGrAiLLLcCYvajUjBQMA4GA1UdDwEB/wQEAwIF\noDATBgNVHSUEDDAKBggrBgEFBQcDATAMBgNVHRMBAf8EAjAAMBsGA1UdEQQUMBKC\nEG9kb28uZXhhbXBsZS5jb20wCgYIKoZIzj0EAwIDPwAwPAIcIQjCmrR90tLcR07z\ngRIeZ0+9QXJdDKASNYLAVAIcNGxPpi6mgOEbfC6FSch5dQeT8kc0u8o3Y0faTg==\n-----END CERTIFICATE-----\n",
              "tls.key": "-----BEGIN EC PRIVATE KEY-----\nMGgCAQEEHK1j2WT82+7MP+j/LFBiTb5XUs7HeFP0vIRpG56gBwYFK4EEACGhPAM6\nAARVW0pkhYA1+3/KoZfwGB4pl7CnWe7DRVBWuaxK66IUWwZQ3k8S9Si7egSUW0e0\nZ8asCIsstwJi9g==\n-----END EC PRIVATE KEY-----\n"
            },
            "id": "prod/odoo-tls",
            "immutable": false,
            "metadata": [
              {
                "annotations": {},
                "generate_name": "",
                "generation": 0,
                "labels": {},
                "name": "odoo-tls",
                "namespace": "prod",
                "resource_version": "278",
                "uid": "0d91d80e-3de2-453c-ab66-983589d47118"
              }
            ],
            "timeouts": null,
            "type": "Opaque",
            "wait_for_service_account_token": true
          },
          "sensitive_attributes": [
            [
              {
                "type": "get_attr",
                "value": "data"
              }
            ],
            [
              {
                "type": "get_attr",
                "value": "data"
              },
              {
                "type": "index",
                "value": {
                  "value": "tls.key",
                  "type": "string"
                }
              }
            ],
            [
              {
                "type": "get_attr",
                "value": "binary_data"
              }
            ]
          ],
          "private": "eyJlMmJmYjczMC1lY2FhLTExZTYtOGY4OC0zNDM2M2JjN2M0YzAiOnsiY3JlYXRlIjo2MDAwMDAwMDAwMH19",
          "dependencies": [
            "minikube_cluster.cluster",
            "tls_private_key.example",
            "tls_self_signed_cert.example"
          ]
        }
      ]
    },
    {
      "mode": "managed",
      "type": "kubernetes_service",
      "name": "odoo",
      "provider": "provider[\"registry.terraform.io/hashicorp/kubernetes\"]",
      "instances": [
        {
          "schema_version": 1,
          "attributes": {
            "id": "prod/odoo",
            "metadata": [
              {
                "annotations": {},
                "generate_name": "",
                "generation": 0,
                "labels": {},
                "name": "odoo",
                "namespace": "prod",
                "resource_version": "283",
                "uid": "65325e54-71e3-4dac-81f8-60abbf153cb5"
              }
            ],
            "spec": [
              {
                "allocate_load_balancer_node_ports": true,
                "cluster_ip": "10.100.179.138",
                "cluster_ips": [
                  "10.100.179.138"
                ],
                "external_ips": [],
                "external_name": "",
                "external_traffic_policy": "",
                "health_check_node_port": 0,
                "internal_traffic_policy": "Cluster",
                "ip_families": [
                  "IPv4"
                ],
                "ip_family_policy": "SingleStack",
                "load_balancer_class": "",
                "load_balancer_ip": "",
                "load_balancer_source_ranges": [],
                "port": [
                  {
                    "app_protocol": "",
                    "name": "",
                    "node_port": 0,
                    "port": 80,
                    "protocol": "TCP",
                    "target_port": "8069"
                  }
                ],
                "publish_not_ready_addresses": false,
                "selector": {
                  "app": "odoo"
                },
                "session_affinity": "None",
                "session_affinity_config": [],
                "type": "ClusterIP"
              }
            ],
            "status": [
              {
                "load_balancer": [
                  {
                    "ingress": []
                  }
                ]
              }
            ],
            "timeouts": null,
            "wait_for_load_balancer": true
          },
          "sensitive_attributes": [],
          "private": "eyJlMmJmYjczMC1lY2FhLTExZTYtOGY4OC0zNDM2M2JjN2M0YzAiOnsiY3JlYXRlIjo2MDAwMDAwMDAwMDB9LCJzY2hlbWFfdmVyc2lvbiI6IjEifQ==",
          "dependencies": [
            "minikube_cluster.cluster"
          ]
        }
      ]
    },
    {
      "mode": "managed",
      "type": "minikube_cluster",
      "name": "cluster",
      "provider": "provider[\"registry.terraform.io/scott-the-programmer/minikube\"]",
      "instances": [
        {
          "schema_version": 0,
          "attributes": {
            "addons": [],
            "apiserver_ips": [],
            "apiserver_name": "minikubeCA",
            "apiserver_names": [],
            "apiserver_port": 8443,
            "auto_pause_interval": 1,
            "auto_update_drivers": true,
            "base_image": "gcr.io/k8s-minikube/kicbase:v0.0.44@sha256:eb04641328b06c5c4a14f4348470e1046bbcf9c2cbc551486e343d3a49db557e",
            "binary_mirror": null,
            "cache_images": true,
            "cert_expiration": 1576800,
            "client_certificate": "-----BEGIN CERTIFICATE-----\nMIIDITCCAgmgAwIBAgIBAjANBgkqhkiG9w0BAQsFADAVMRMwEQYDVQQDEwptaW5p\na3ViZUNBMB4XDTI1MDEyMjE1Mjc0OFoXDTI4MDEyMzE1Mjc0OFowMTEXMBUGA1UE\nChMOc3lzdGVtOm1hc3RlcnMxFjAUBgNVBAMTDW1pbmlrdWJlLXVzZXIwggEiMA0G\nCSqGSIb3DQEBAQUAA4IBDwAwggEKAoIBAQDCcLzoev1nCCulEiDPYT647M9MQHSu\n4cpNdjfy5M678VRXzHbZ3nuOMilc9NzTUcQYpyqt7eT+IKoSMLGTvHwdUGX2Njy7\ngcXlUfxE2xawvBtTC8NviK3nGuzMOPkCOz6sJ/rLaPvLD+cPbFBU6aQ4QQeMkDgj\nSMhf8ynQbv9XY46x63ROFZoTbucwZ0rarKr4vyeK5+ACZEVIi1HJGFARXzDlF8iB\nnceEjFnZmCYFkJDH3fhLx2YkxGzNWCgwAbsMTp69N24WcJgmnXcjTFsMoYbZ5vF2\nAQUjXZKcBTizz+9Q2invRAy0Iw+v9RJJrRcFVbXNC3E8173Q/d5Dz5dzAgMBAAGj\nYDBeMA4GA1UdDwEB/wQEAwIFoDAdBgNVHSUEFjAUBggrBgEFBQcDAQYIKwYBBQUH\nAwIwDAYDVR0TAQH/BAIwADAfBgNVHSMEGDAWgBQ/W1YNQlmjJFk/BO9P5qHzhHBX\n4jANBgkqhkiG9w0BAQsFAAOCAQEAaKfm+oxhChgJHMincOPO5b50Z3DgbR19WCgw\nxWiQlwFC39dp74deWSl4g2UqKAglCmshC5ZXpldly00caVURg3xwX4SCtb7EZspn\ncdAiWxXbZ7Er8I5lL7+5eGm9bGDR3F2tgQ9bYgRddIkBjlTm6zJdN0zrKQPTyleG\nT6tyTSszHwVUmDf4MayeD5h3n7QwkcjRn/q/4LjE83OjveOqXwlUZjDR8+61Eyea\nBLaA56veMGH0J3Cgf7DCfqvz5Tc/6WYHSH6keqhptHg2O7mpSnZ6MVqINmSijn4K\noa4lSrSD3NrIqBzC3cRp/IvMnuoWOeEP//mEb5t0GB/Meb9kqw==\n-----END CERTIFICATE-----\n",
            "client_key": "-----BEGIN RSA PRIVATE KEY-----\nMIIEpQIBAAKCAQEAwnC86Hr9ZwgrpRIgz2E+uOzPTEB0ruHKTXY38uTOu/FUV8x2\n2d57jjIpXPTc01HEGKcqre3k/iCqEjCxk7x8HVBl9jY8u4HF5VH8RNsWsLwbUwvD\nb4it5xrszDj5Ajs+rCf6y2j7yw/nD2xQVOmkOEEHjJA4I0jIX/Mp0G7/V2OOset0\nThWaE27nMGdK2qyq+L8niufgAmRFSItRyRhQEV8w5RfIgZ3HhIxZ2ZgmBZCQx934\nS8dmJMRszVgoMAG7DE6evTduFnCYJp13I0xbDKGG2ebxdgEFI12SnAU4s8/vUNop\n70QMtCMPr/USSa0XBVW1zQtxPNe90P3eQ8+XcwIDAQABAoIBAQC5fIDJqmJIQqQY\nEaYZDySdltLeY/KrzhuGL8uJu7p30e1q4FNU3Yeyi6mn0rNCKBNQjVAKohG8V/7F\n4YvVao5gDI1oBi+DlHXroH1uVi5cJOZQH72tjY6QE8BnxcXN2iScaHs4RotFGIOM\n1AACMOyG+YoxDndvOYRk+/wcqXaOrnDZd0JKRdCDNg6KZlG7NQpjljoxroyqNLpd\nsfNj5fhpFSop+rtX4A6SuZmKEg89qlWxRZJfHdUB5hUVCA21SSJMPtSC5jOeqIJ+\nj82luVgOgikGOuVcf/R9LABg2G5ZG+mTMHJS3t33RFQ2EcrdCLLheroSvd0u/3DR\nXM9mK93ZAoGBAPBxWOQJruRd03DnY++KrDaAWsOmmgyjgNF8+e/pJn/nMVILbosp\nwjb6cTN/itaRPFtqKe1CFK3gCnqAhtJIpTIEnJ4mDpSB5Yjwqw7xhEfrCTUWM/2B\nAKDp9FRUnJ7XfPQYNVxl7mZIS2bNXFK/NU7YU4O/tBZ3lkCeuYTCsGr/AoGBAM8F\naka4GBAOVIFLTG5gItP3MSD87Deyf2gsK4mHbUGnn63bHG6UhAd4+AL6gKVkZNX2\nxKxigija2AOsdEqgGu09TJrZZLaO8fS1jPAonQkg22fao1/EJ2Xvcxr0QMqAAb8s\n5Egh05nwnRg1JqkQw+/BRvTbsUzekSlVHWjTuFeNAoGBAOSE5dX9ugIDhqTk1l9h\nLeGyxhDzc7AVaaYwoJ86uUOQqJhwkwSikJqOFi66xmq9qF69nNGJH3xN1ceuBfUv\n5AmQxoWsZ+kPN+eZzQor0uxDXwHcc1c5Vy6YjIXl0OFKrtCTfYuuuRDvHvK6tUdT\nwUeJZH5wIanEyMHr2ShrnR5jAoGAILz+fYiHZaKegoPh5mKVn2esAUd+I6C6vUKe\n7/TWtldHzTqlWGdsKbJbpjzvMziZKa0IlSpO4x8YohwXl+WR3IqhHqvaXXRllwlO\n7Hu/ub3UdKwCwhZHFLu1PEH8LQnpPM5gm3ed+u4uKbHeF0ZrdfLewcIsW7emxR6M\ntBMnR9ECgYEAlE/J5OOX2uEGoOGF6Mrpn3g430v+OLL1l5ueT7I/ZFq6b0AmJemL\n6WiNcK6+YOAvZbTpiAN5W+HgfV3MEUNJqYl1ZPUjJ493oxECc4fRUG1+rszfOP1D\nga3K9hdfy10TS6VR3I10zGcGbrDRh+vxOoS86Ik2ajhTLRU1Wv+jCaU=\n-----END RSA PRIVATE KEY-----\n",
            "cluster_ca_certificate": "-----BEGIN CERTIFICATE-----\nMIIDBjCCAe6gAwIBAgIBATANBgkqhkiG9w0BAQsFADAVMRMwEQYDVQQDEwptaW5p\na3ViZUNBMB4XDTI1MDEyMjE1Mjc0OFoXDTM1MDEyMTE1Mjc0OFowFTETMBEGA1UE\nAxMKbWluaWt1YmVDQTCCASIwDQYJKoZIhvcNAQEBBQADggEPADCCAQoCggEBALYh\nuJSvqhJgeZtn9VM+lhO8NEFnNxszKuzuZ+nYW8k2ZwUxoSTp0i2hdF4k3r0NHPEN\n6I9E/ydYU3CCh4azqRlXW3nJoswIDZ/oK27XzueX5/Jl9fx4GAHsOs2B+WFQMyl9\nKDKHDf46Q3oo1EqFYTjWZhXilOD6ibywBlE/KKnY1dZwMkIzFstreJ8vznIDQK7V\nVjxmL4IZJuPnSTtcxKgKfNNO6clXWgEsweRHyQKcHw2ep9PItAz/0vYRnQTM/iEM\nMz3jPOtrtMGPY0yMEI0j5SVh0fqqyLwRtFO2khgfl5J/St5Coeqr1dlpjwqa+2Zv\nfLKiZrXMHYchu4CP3aECAwEAAaNhMF8wDgYDVR0PAQH/BAQDAgKkMB0GA1UdJQQW\nMBQGCCsGAQUFBwMCBggrBgEFBQcDATAPBgNVHRMBAf8EBTADAQH/MB0GA1UdDgQW\nBBQ/W1YNQlmjJFk/BO9P5qHzhHBX4jANBgkqhkiG9w0BAQsFAAOCAQEACr/oj17J\nOvElkZMCroJwxBvGgVWa/RqskYKisvHIc9feKd+X+BhYg0V6eFxhbm58seoffa+v\np6dsYMCeERm//ldxdR6lDovDgd86Ic+j37A95EDpiqtCvAMR6NxQSKXt2yKqBUQt\nhhUqYGbrTG+yneYpg69vGrBDGvLgZThWFHg9lLq6oz+S7Og5z47Dqn1CU5e57Mhs\n3yxbbsF1Ozb740ZLkbfhiOgiLVnEgeZoEQq32YPB1jXLzUQ/WEMCu+mewH1H/bon\nlx9vVSQys7S3IwgCJwPP88mVjts2yon5f26HuBTs1l2Bn6mmoEfN5o1HaSkoinno\nuopdnJ1NzQuHxA==\n-----END CERTIFICATE-----\n",
            "cluster_name": "ex2",
            "cni": "",
            "container_runtime": "docker",
            "cpus": 2,
            "cri_socket": "",
            "delete_on_failure": false,
            "disable_driver_mounts": false,
            "disable_metrics": false,
            "disable_optimizations": false,
            "disk_size": "20000mb",
            "dns_domain": "cluster.local",
            "dns_proxy": false,
            "docker_env": null,
            "docker_opt": null,
            "download_only": false,
            "driver": "docker",
            "dry_run": false,
            "embed_certs": false,
            "enable_default_cni": false,
            "extra_config": [],
            "extra_disks": 0,
            "feature_gates": "",
            "force": false,
            "force_systemd": false,
            "gpus": null,
            "ha": false,
            "host": "https://192.168.49.2:8443",
            "host_dns_resolver": true,
            "host_only_cidr": "192.168.59.1/24",
            "host_only_nic_type": "virtio",
            "hyperkit_vpnkit_sock": "",
            "hyperkit_vsock_ports": [],
            "hyperv_external_adapter": "",
            "hyperv_use_external_switch": false,
            "hyperv_virtual_switch": "",
            "id": "ex2",
            "image_mirror_country": null,
            "image_repository": "",
            "insecure_registry": [],
            "install_addons": true,
            "interactive": true,
            "iso_url": [
              "https://github.com/kubernetes/minikube/releases/download/v1.33.0/minikube-v1.33.0-amd64.iso"
            ],
            "keep_context": false,
            "kubernetes_version": null,
            "kvm_gpu": false,
            "kvm_hidden": false,
            "kvm_network": "default",
            "kvm_numa_count": 1,
            "kvm_qemu_uri": "qemu:///system",
            "listen_address": "",
            "memory": "4096mb",
            "mount": false,
            "mount_9p_version": "9p2000.L",
            "mount_gid": "docker",
            "mount_ip": null,
            "mount_msize": 262144,
            "mount_options": null,
            "mount_port": 0,
            "mount_string": "/home:/minikube-host",
            "mount_type": "9p",
            "mount_uid": "docker",
            "namespace": "default",
            "nat_nic_type": "virtio",
            "native_ssh": true,
            "network": "",
            "network_plugin": null,
            "nfs_share": [],
            "nfs_shares_root": "/nfsshares",
            "no_kubernetes": false,
            "no_vtx_check": false,
            "nodes": 1,
            "output": "text",
            "ports": [],
            "preload": true,
            "qemu_firmware_path": null,
            "registry_mirror": [],
            "service_cluster_ip_range": "10.96.0.0/12",
            "socket_vmnet_client_path": "/usr/local/opt/socket_vmnet/bin/socket_vmnet_client",
            "socket_vmnet_path": "/usr/local/var/run/socket_vmnet",
            "ssh_ip_address": "",
            "ssh_key": "",
            "ssh_port": 22,
            "ssh_user": "root",
            "static_ip": null,
            "subnet": null,
            "trace": null,
            "uuid": "",
            "vm": false,
            "vm_driver": null,
            "wait": null,
            "wait_timeout": 6
          },
          "sensitive_attributes": [
            [
              {
                "type": "get_attr",
                "value": "client_certificate"
              }
            ],
            [
              {
                "type": "get_attr",
                "value": "cluster_ca_certificate"
              }
            ],
            [
              {
                "type": "get_attr",
                "value": "client_key"
              }
            ]
          ],
          "private": "bnVsbA=="
        }
      ]
    },
    {
      "mode": "managed",
      "type": "tls_private_key",
      "name": "example",
      "provider": "provider[\"registry.terraform.io/hashicorp/tls\"]",
      "instances": [
        {
          "schema_version": 0,
          "attributes": {
            "algorithm": "ECDSA",
            "ecdsa_curve": "P224",
            "id": "b5e648f46609c410c2fb0067008f43bece9bd27f",
            "private_key_pem": "-----BEGIN EC PRIVATE KEY-----\nMGgCAQEEHK1j2WT82+7MP+j/LFBiTb5XUs7HeFP0vIRpG56gBwYFK4EEACGhPAM6\nAARVW0pkhYA1+3/KoZfwGB4pl7CnWe7DRVBWuaxK66IUWwZQ3k8S9Si7egSUW0e0\nZ8asCIsstwJi9g==\n-----END EC PRIVATE KEY-----\n",
            "public_key_fingerprint_md5": "",
            "public_key_openssh": "",
            "public_key_pem": "-----BEGIN PUBLIC KEY-----\nME4wEAYHKoZIzj0CAQYFK4EEACEDOgAEVVtKZIWANft/yqGX8BgeKZewp1nuw0VQ\nVrmsSuuiFFsGUN5PEvUou3oElFtHtGfGrAiLLLcCYvY=\n-----END PUBLIC KEY-----\n",
            "rsa_bits": 2048
          },
          "sensitive_attributes": [
            [
              {
                "type": "get_attr",
                "value": "private_key_pem"
              }
            ]
          ],
          "private": "bnVsbA=="
        }
      ]
    },
    {
      "mode": "managed",
      "type": "tls_self_signed_cert",
      "name": "example",
      "provider": "provider[\"registry.terraform.io/hashicorp/tls\"]",
      "instances": [
        {
          "schema_version": 0,
          "attributes": {
            "allowed_uses": [
              "key_encipherment",
              "digital_signature",
              "server_auth"
            ],
            "cert_pem": "-----BEGIN CERTIFICATE-----\nMIIBqjCCAVmgAwIBAgIQIDDhMD4VZcoge4Xo9loYNDAKBggqhkjOPQQDAjA3MRow\nGAYDVQQKExFZb3VyIE9yZ2FuaXphdGlvbjEZMBcGA1UEAxMQb2Rvby5leGFtcGxl\nLmNvbTAeFw0yNTAxMjMxNTI2NDVaFw0yNjAxMjMxNTI2NDVaMDcxGjAYBgNVBAoT\nEVlvdXIgT3JnYW5pemF0aW9uMRkwFwYDVQQDExBvZG9vLmV4YW1wbGUuY29tME4w\nEAYHKoZIzj0CAQYFK4EEACEDOgAEVVtKZIWANft/yqGX8BgeKZewp1nuw0VQVrms\nSuuiFFsGUN5PEvUou3oElFtHtGfGrAiLLLcCYvajUjBQMA4GA1UdDwEB/wQEAwIF\noDATBgNVHSUEDDAKBggrBgEFBQcDATAMBgNVHRMBAf8EAjAAMBsGA1UdEQQUMBKC\nEG9kb28uZXhhbXBsZS5jb20wCgYIKoZIzj0EAwIDPwAwPAIcIQjCmrR90tLcR07z\ngRIeZ0+9QXJdDKASNYLAVAIcNGxPpi6mgOEbfC6FSch5dQeT8kc0u8o3Y0faTg==\n-----END CERTIFICATE-----\n",
            "dns_names": [
              "odoo.example.com"
            ],
            "early_renewal_hours": 720,
            "id": "42789093478653540708357868238484936756",
            "ip_addresses": null,
            "is_ca_certificate": null,
            "key_algorithm": "ECDSA",
            "private_key_pem": "cf23658a93bd9a478e90235870444f4e1a682bf6",
            "ready_for_renewal": false,
            "set_subject_key_id": null,
            "subject": [
              {
                "common_name": "odoo.example.com",
                "country": "",
                "locality": "",
                "organization": "Your Organization",
                "organizational_unit": "",
                "postal_code": "",
                "province": "",
                "serial_number": "",
                "street_address": []
              }
            ],
            "uris": null,
            "validity_end_time": "2026-01-23T15:26:45.233516894Z",
            "validity_period_hours": 8760,
            "validity_start_time": "2025-01-23T15:26:45.233516894Z"
          },
          "sensitive_attributes": [
            [
              {
                "type": "get_attr",
                "value": "private_key_pem"
              }
            ]
          ],
          "private": "bnVsbA==",
          "dependencies": [
            "tls_private_key.example"
          ]
        }
      ]
    }
  ],
  "check_results": null
}
