{
  "version": 4,
  "terraform_version": "1.10.5",
  "serial": 4,
  "lineage": "fcd7b702-baa7-4b54-b237-bd8eaebc7f07",
  "outputs": {},
  "resources": [
    {
      "mode": "managed",
      "type": "tls_private_key",
      "name": "example",
      "provider": "provider[\"registry.terraform.io/hashicorp/tls\"]",
      "instances": [
        {
          "schema_version": 0,
          "attributes": {
            "algorithm": "ECDSA",
            "ecdsa_curve": "P224",
            "id": "47a96d5ee809b23d71a9885e6471100729fa8306",
            "private_key_pem": "-----BEGIN EC PRIVATE KEY-----\nMGgCAQEEHO2OFmxNc1pYtIQV8vSQ+vXNlM37HlAQeTV9i2SgBwYFK4EEACGhPAM6\nAATgOKjJkqnamsIFR0dPDTPWSLH8PkaJYj32JTu0lwAq1n5x8Ae9v+HJiASM6qit\nKmb5SQ3hJVlmFg==\n-----END EC PRIVATE KEY-----\n",
            "public_key_fingerprint_md5": "",
            "public_key_openssh": "",
            "public_key_pem": "-----BEGIN PUBLIC KEY-----\nME4wEAYHKoZIzj0CAQYFK4EEACEDOgAE4DioyZKp2prCBUdHTw0z1kix/D5GiWI9\n9iU7tJcAKtZ+cfAHvb/hyYgEjOqorSpm+UkN4SVZZhY=\n-----END PUBLIC KEY-----\n",
            "rsa_bits": 2048
          },
          "sensitive_attributes": [
            [
              {
                "type": "get_attr",
                "value": "private_key_pem"
              }
            ]
          ],
          "private": "bnVsbA=="
        }
      ]
    },
    {
      "mode": "managed",
      "type": "tls_self_signed_cert",
      "name": "example",
      "provider": "provider[\"registry.terraform.io/hashicorp/tls\"]",
      "instances": [
        {
          "schema_version": 0,
          "attributes": {
            "allowed_uses": [
              "key_encipherment",
              "digital_signature",
              "server_auth"
            ],
            "cert_pem": "-----BEGIN CERTIFICATE-----\nMIIBrDCCAVmgAwIBAgIQDaSm+jB6CW/nFEdgzioywDAKBggqhkjOPQQDAjA3MRow\nGAYDVQQKExFZb3VyIE9yZ2FuaXphdGlvbjEZMBcGA1UEAxMQb2Rvby5leGFtcGxl\nLmNvbTAeFw0yNTAxMjMxNzEwMjVaFw0yNjAxMjMxNzEwMjVaMDcxGjAYBgNVBAoT\nEVlvdXIgT3JnYW5pemF0aW9uMRkwFwYDVQQDExBvZG9vLmV4YW1wbGUuY29tME4w\nEAYHKoZIzj0CAQYFK4EEACEDOgAE4DioyZKp2prCBUdHTw0z1kix/D5GiWI99iU7\ntJcAKtZ+cfAHvb/hyYgEjOqorSpm+UkN4SVZZhajUjBQMA4GA1UdDwEB/wQEAwIF\noDATBgNVHSUEDDAKBggrBgEFBQcDATAMBgNVHRMBAf8EAjAAMBsGA1UdEQQUMBKC\nEG9kb28uZXhhbXBsZS5jb20wCgYIKoZIzj0EAwIDQQAwPgIdANnwGfKuOFvQTj+P\nNBDpTOT1Bj4bxtpiM2ghQlMCHQDIYrljao5T14UAnTN6Hr4Pxg0rWJmJ/83SAktC\n-----END CERTIFICATE-----\n",
            "dns_names": [
              "odoo.example.com"
            ],
            "early_renewal_hours": 720,
            "id": "18134887332041266809158765081405305536",
            "ip_addresses": null,
            "is_ca_certificate": null,
            "key_algorithm": "ECDSA",
            "private_key_pem": "252acb15c5c8d21e8005135464a02908a82871a2",
            "ready_for_renewal": false,
            "set_subject_key_id": null,
            "subject": [
              {
                "common_name": "odoo.example.com",
                "country": "",
                "locality": "",
                "organization": "Your Organization",
                "organizational_unit": "",
                "postal_code": "",
                "province": "",
                "serial_number": "",
                "street_address": null
              }
            ],
            "uris": null,
            "validity_end_time": "2026-01-23T17:10:25.467635041Z",
            "validity_period_hours": 8760,
            "validity_start_time": "2025-01-23T17:10:25.467635041Z"
          },
          "sensitive_attributes": [
            [
              {
                "type": "get_attr",
                "value": "private_key_pem"
              }
            ]
          ],
          "private": "bnVsbA==",
          "dependencies": [
            "tls_private_key.example"
          ]
        }
      ]
    }
  ],
  "check_results": null
}
