{
  "version": 4,
  "terraform_version": "1.10.5",
  "serial": 4,
  "lineage": "96098be1-2c71-42f1-531f-26ece743e625",
  "outputs": {},
  "resources": [
    {
      "mode": "managed",
      "type": "tls_private_key",
      "name": "example",
      "provider": "provider[\"registry.terraform.io/hashicorp/tls\"]",
      "instances": [
        {
          "schema_version": 0,
          "attributes": {
            "algorithm": "ECDSA",
            "ecdsa_curve": "P224",
            "id": "349d5ec2165c9dba3664481cc4b9808909cbc615",
            "private_key_pem": "-----BEGIN EC PRIVATE KEY-----\nMGgCAQEEHPdkP6ZJ+P01ti08GemHOsubZYB//HqvxChGuPegBwYFK4EEACGhPAM6\nAASjqlznL+qjuVnFPuoz7pjrFO4SeYNLNxvZsrM2EDIGG5SiXxzOeZyyIBg4vbOs\nlDitFT0fUbt1lQ==\n-----END EC PRIVATE KEY-----\n",
            "public_key_fingerprint_md5": "",
            "public_key_openssh": "",
            "public_key_pem": "-----BEGIN PUBLIC KEY-----\nME4wEAYHKoZIzj0CAQYFK4EEACEDOgAEo6pc5y/qo7lZxT7qM+6Y6xTuEnmDSzcb\n2bKzNhAyBhuUol8cznmcsiAYOL2zrJQ4rRU9H1G7dZU=\n-----END PUBLIC KEY-----\n",
            "rsa_bits": 2048
          },
          "sensitive_attributes": [
            [
              {
                "type": "get_attr",
                "value": "private_key_pem"
              }
            ]
          ],
          "private": "bnVsbA=="
        }
      ]
    },
    {
      "mode": "managed",
      "type": "tls_self_signed_cert",
      "name": "example",
      "provider": "provider[\"registry.terraform.io/hashicorp/tls\"]",
      "instances": [
        {
          "schema_version": 0,
          "attributes": {
            "allowed_uses": [
              "key_encipherment",
              "digital_signature",
              "server_auth"
            ],
            "cert_pem": "-----BEGIN CERTIFICATE-----\nMIIBqjCCAVmgAwIBAgIQTrAQI5U979idCYc5WGvt8TAKBggqhkjOPQQDAjA3MRow\nGAYDVQQKExFZb3VyIE9yZ2FuaXphdGlvbjEZMBcGA1UEAxMQb2Rvby5leGFtcGxl\nLmNvbTAeFw0yNTAxMjkyMTEwNDdaFw0yNjAxMjkyMTEwNDdaMDcxGjAYBgNVBAoT\nEVlvdXIgT3JnYW5pemF0aW9uMRkwFwYDVQQDExBvZG9vLmV4YW1wbGUuY29tME4w\nEAYHKoZIzj0CAQYFK4EEACEDOgAEo6pc5y/qo7lZxT7qM+6Y6xTuEnmDSzcb2bKz\nNhAyBhuUol8cznmcsiAYOL2zrJQ4rRU9H1G7dZWjUjBQMA4GA1UdDwEB/wQEAwIF\noDATBgNVHSUEDDAKBggrBgEFBQcDATAMBgNVHRMBAf8EAjAAMBsGA1UdEQQUMBKC\nEG9kb28uZXhhbXBsZS5jb20wCgYIKoZIzj0EAwIDPwAwPAIcMz01TJUfDv+me9Ra\nvBse3wOkJhsA4e26j3gNSwIcckc7QPilxnm6m/WtePgviyeXCr5asiPKKYLggg==\n-----END CERTIFICATE-----\n",
            "dns_names": [
              "odoo.example.com"
            ],
            "early_renewal_hours": 720,
            "id": "104593955256053057754875674591098564081",
            "ip_addresses": null,
            "is_ca_certificate": null,
            "key_algorithm": "ECDSA",
            "private_key_pem": "9bf5c6eb7193e69e2a4acd3481c195ab7a382ea9",
            "ready_for_renewal": false,
            "set_subject_key_id": null,
            "subject": [
              {
                "common_name": "odoo.example.com",
                "country": "",
                "locality": "",
                "organization": "Your Organization",
                "organizational_unit": "",
                "postal_code": "",
                "province": "",
                "serial_number": "",
                "street_address": []
              }
            ],
            "uris": null,
            "validity_end_time": "2026-01-29T21:10:47.437773927Z",
            "validity_period_hours": 8760,
            "validity_start_time": "2025-01-29T21:10:47.437773927Z"
          },
          "sensitive_attributes": [
            [
              {
                "type": "get_attr",
                "value": "private_key_pem"
              }
            ]
          ],
          "private": "bnVsbA==",
          "dependencies": [
            "tls_private_key.example"
          ]
        }
      ]
    }
  ],
  "check_results": null
}
